{
  "object": {
    "pins": [
      {
        "package": "Base58",
        "repositoryURL": "https://github.com/ericlewis/Base58.git",
        "state": {
          "branch": "main",
          "revision": "8092c3b34d4001a10d436616aeeeae023ac45cab",
          "version": null
        }
      },
      {
        "package": "BigInt",
        "repositoryURL": "https://github.com/ericlewis/BigInt.git",
        "state": {
          "branch": "master",
          "revision": "81d5a9754f1c74dc465789d9396b697f6716deb5",
          "version": null
        }
      }
    ]
  },
  "version": 1
}
